// !$*UTF8*$!
{
	archiveVersion = 1;
	classes = {
	};
	objectVersion = 46;
	objects = {

/* Begin PBXBuildFile section */
		EF0CE3B41BEFD8C50080692E /* textures.cpp in Sources */ = {isa = PBXBuildFile; fileRef = EF0CE3B21BEFD8C50080692E /* textures.cpp */; };
<<<<<<< HEAD
		EF27A69E1C04F48F00459C32 /* engine.cpp in Sources */ = {isa = PBXBuildFile; fileRef = EF27A69C1C04F48F00459C32 /* engine.cpp */; };
		EF27A6A11C0506E800459C32 /* level1_state.cpp in Sources */ = {isa = PBXBuildFile; fileRef = EF27A69F1C0506E800459C32 /* level1_state.cpp */; };
<<<<<<< HEAD
<<<<<<< HEAD
<<<<<<< HEAD
		EF27A6AC1C052EC200459C32 /* levelstate.cpp in Sources */ = {isa = PBXBuildFile; fileRef = EF27A6AA1C052EC200459C32 /* levelstate.cpp */; };
=======
		EF27A69E1C04F48F00459C32 /* engine.cpp in Sources */ = {isa = PBXBuildFile; fileRef = EF27A69C1C04F48F00459C32 /* engine.cpp */; settings = {ASSET_TAGS = (); }; };
		EF27A6A11C0506E800459C32 /* level1_state.cpp in Sources */ = {isa = PBXBuildFile; fileRef = EF27A69F1C0506E800459C32 /* level1_state.cpp */; settings = {ASSET_TAGS = (); }; };
>>>>>>> 2e8ee63... Implemented movable crates!!!
=======
		EF27A6AC1C052EC200459C32 /* (null) in Sources */ = {isa = PBXBuildFile; };
>>>>>>> c8cecea... springs!
=======
		EF27A6AC1C052EC200459C32 /* (null) in Sources */ = {isa = PBXBuildFile; };
		EF52494C1C117BD500C6F2A6 /* levelselectmenu_state.cpp in Sources */ = {isa = PBXBuildFile; fileRef = EF52494A1C117BD500C6F2A6 /* levelselectmenu_state.cpp */; settings = {ASSET_TAGS = (); }; };
		EF52494F1C117BE200C6F2A6 /* newgamemenu_state.cpp in Sources */ = {isa = PBXBuildFile; fileRef = EF52494D1C117BE200C6F2A6 /* newgamemenu_state.cpp */; settings = {ASSET_TAGS = (); }; };
		EF5249511C11F0E200C6F2A6 /* level3_state.cpp in Sources */ = {isa = PBXBuildFile; fileRef = EF5249501C11F0E200C6F2A6 /* level3_state.cpp */; settings = {ASSET_TAGS = (); }; };
		EF5249541C11F0F500C6F2A6 /* intro_state.cpp in Sources */ = {isa = PBXBuildFile; fileRef = EF5249531C11F0F500C6F2A6 /* intro_state.cpp */; settings = {ASSET_TAGS = (); }; };
=======
		EF52494C1C117BD500C6F2A6 /* levelselectmenu_state.cpp in Sources */ = {isa = PBXBuildFile; fileRef = EF52494A1C117BD500C6F2A6 /* levelselectmenu_state.cpp */; };
		EF52494F1C117BE200C6F2A6 /* newgamemenu_state.cpp in Sources */ = {isa = PBXBuildFile; fileRef = EF52494D1C117BE200C6F2A6 /* newgamemenu_state.cpp */; };
>>>>>>> 74e2e9b... levels 1 and 2 now complete!!1
		EF5295A81C0BE7CB00178AC7 /* SDL2_ttf.framework in Frameworks */ = {isa = PBXBuildFile; fileRef = EF5295A71C0BE7CB00178AC7 /* SDL2_ttf.framework */; };
		EF5295AA1C0BE8C000178AC7 /* SDL2_mixer.framework in Frameworks */ = {isa = PBXBuildFile; fileRef = EF5295A91C0BE8C000178AC7 /* SDL2_mixer.framework */; };
<<<<<<< HEAD
		EF5295AD1C0BEBEB00178AC7 /* sound.cpp in Sources */ = {isa = PBXBuildFile; fileRef = EF5295AB1C0BEBEB00178AC7 /* sound.cpp */; settings = {ASSET_TAGS = (); }; };
		EF5295B01C0BF65F00178AC7 /* gamepad.cpp in Sources */ = {isa = PBXBuildFile; fileRef = EF5295AE1C0BF65F00178AC7 /* gamepad.cpp */; settings = {ASSET_TAGS = (); }; };
		EF5295B31C0C107000178AC7 /* menu.cpp in Sources */ = {isa = PBXBuildFile; fileRef = EF5295B11C0C107000178AC7 /* menu.cpp */; settings = {ASSET_TAGS = (); }; };
>>>>>>> a671362... Implemented main menu, pause menu, and options menu!
=======
		EF5295AD1C0BEBEB00178AC7 /* sound.cpp in Sources */ = {isa = PBXBuildFile; fileRef = EF5295AB1C0BEBEB00178AC7 /* sound.cpp */; };
		EF5295B01C0BF65F00178AC7 /* gamepad.cpp in Sources */ = {isa = PBXBuildFile; fileRef = EF5295AE1C0BF65F00178AC7 /* gamepad.cpp */; };
		EF5295B31C0C107000178AC7 /* menu.cpp in Sources */ = {isa = PBXBuildFile; fileRef = EF5295B11C0C107000178AC7 /* menu.cpp */; };
>>>>>>> 250bb44... cross layer, bug fixes, levels 1 and 2,
		EF8252831BF1098A0003EF9E /* SDL2.framework in Frameworks */ = {isa = PBXBuildFile; fileRef = EF8252821BF1098A0003EF9E /* SDL2.framework */; };
		EF8252851BF109940003EF9E /* SDL2_image.framework in Frameworks */ = {isa = PBXBuildFile; fileRef = EF8252841BF109940003EF9E /* SDL2_image.framework */; };
		EF8252901BF121490003EF9E /* levels in CopyFiles */ = {isa = PBXBuildFile; fileRef = EF0808611BF0504300338AB0 /* levels */; };
		EF8252911BF1214D0003EF9E /* textures in CopyFiles */ = {isa = PBXBuildFile; fileRef = EFBCA0CC1BED21BF005D56CA /* textures */; };
<<<<<<< HEAD
<<<<<<< HEAD
		EF8252941BF3201C0003EF9E /* camera.cpp in Sources */ = {isa = PBXBuildFile; fileRef = EF8252921BF3201C0003EF9E /* camera.cpp */; };
=======
		EF8252941BF3201C0003EF9E /* camera.cpp in Sources */ = {isa = PBXBuildFile; fileRef = EF8252921BF3201C0003EF9E /* camera.cpp */; settings = {ASSET_TAGS = (); }; };
		EFA85F2F1C0675BA001113CA /* mainmenu_state.cpp in Sources */ = {isa = PBXBuildFile; fileRef = EFA85F2D1C0675BA001113CA /* mainmenu_state.cpp */; settings = {ASSET_TAGS = (); }; };
		EFA85F341C078C6F001113CA /* crate.cpp in Sources */ = {isa = PBXBuildFile; fileRef = EFA85F321C078C6F001113CA /* crate.cpp */; settings = {ASSET_TAGS = (); }; };
>>>>>>> 2e8ee63... Implemented movable crates!!!
=======
		EF8252941BF3201C0003EF9E /* camera.cpp in Sources */ = {isa = PBXBuildFile; fileRef = EF8252921BF3201C0003EF9E /* camera.cpp */; };
		EFA85F2F1C0675BA001113CA /* mainmenu_state.cpp in Sources */ = {isa = PBXBuildFile; fileRef = EFA85F2D1C0675BA001113CA /* mainmenu_state.cpp */; };
		EFA85F341C078C6F001113CA /* crate.cpp in Sources */ = {isa = PBXBuildFile; fileRef = EFA85F321C078C6F001113CA /* crate.cpp */; };
>>>>>>> c8cecea... springs!
		EFBCA0BE1BED17FB005D56CA /* main.cpp in Sources */ = {isa = PBXBuildFile; fileRef = EFBCA0BD1BED17FB005D56CA /* main.cpp */; };
		EFBCA0D21BED5031005D56CA /* level_draw.cpp in Sources */ = {isa = PBXBuildFile; fileRef = EFBCA0D01BED5031005D56CA /* level_draw.cpp */; };
		EFBCA0DB1BED5DE8005D56CA /* collisions.cpp in Sources */ = {isa = PBXBuildFile; fileRef = EFBCA0D91BED5DE8005D56CA /* collisions.cpp */; };
		EFBCA0F71BEE8C89005D56CA /* tiles.cpp in Sources */ = {isa = PBXBuildFile; fileRef = EFBCA0F51BEE8C89005D56CA /* tiles.cpp */; };
		EFBCA0FA1BEE8CD2005D56CA /* characters.cpp in Sources */ = {isa = PBXBuildFile; fileRef = EFBCA0F81BEE8CD2005D56CA /* characters.cpp */; };
<<<<<<< HEAD
<<<<<<< HEAD
<<<<<<< HEAD
<<<<<<< HEAD
		EFBCA0FD1BEE8EF1005D56CA /* initialization.cpp in Sources */ = {isa = PBXBuildFile; fileRef = EFBCA0FB1BEE8EF1005D56CA /* initialization.cpp */; };
=======
		EFBCA0FD1BEE8EF1005D56CA /* (null) in Sources */ = {isa = PBXBuildFile; };
<<<<<<< HEAD
>>>>>>> c8cecea... springs!
		FC4DA5C41C07C0A50089ABEF /* FreeType.framework in Frameworks */ = {isa = PBXBuildFile; fileRef = FC4DA5C31C07C0A50089ABEF /* FreeType.framework */; };
=======
>>>>>>> ffa65bf... add springs and abstract level loading, put in some SDL_ttf headers
=======
		EFBCA0FD1BEE8EF1005D56CA /* (null) in Sources */ = {isa = PBXBuildFile; };
<<<<<<< HEAD
		EFE808711C0D6A2D00E6933A /* pausemenu_state.cpp in Sources */ = {isa = PBXBuildFile; fileRef = EFE8086F1C0D6A2D00E6933A /* pausemenu_state.cpp */; settings = {ASSET_TAGS = (); }; };
		EFE808741C0E147600E6933A /* optionsmenu_state.cpp in Sources */ = {isa = PBXBuildFile; fileRef = EFE808721C0E147600E6933A /* optionsmenu_state.cpp */; settings = {ASSET_TAGS = (); }; };
		EFFB15E41C0D0747006428DB /* quitmenu_state.cpp in Sources */ = {isa = PBXBuildFile; fileRef = EFFB15E21C0D0747006428DB /* quitmenu_state.cpp */; settings = {ASSET_TAGS = (); }; };
		EFFB15E71C0D0779006428DB /* quitseq_state.cpp in Sources */ = {isa = PBXBuildFile; fileRef = EFFB15E51C0D0779006428DB /* quitseq_state.cpp */; settings = {ASSET_TAGS = (); }; };
		EFFE7EF21C0D5ADE00478C10 /* menu_buttons.cpp in Sources */ = {isa = PBXBuildFile; fileRef = EFFE7EF01C0D5ADE00478C10 /* menu_buttons.cpp */; settings = {ASSET_TAGS = (); }; };
>>>>>>> a671362... Implemented main menu, pause menu, and options menu!
=======
=======
>>>>>>> 74e2e9b... levels 1 and 2 now complete!!1
		EFE808711C0D6A2D00E6933A /* pausemenu_state.cpp in Sources */ = {isa = PBXBuildFile; fileRef = EFE8086F1C0D6A2D00E6933A /* pausemenu_state.cpp */; };
		EFE808741C0E147600E6933A /* optionsmenu_state.cpp in Sources */ = {isa = PBXBuildFile; fileRef = EFE808721C0E147600E6933A /* optionsmenu_state.cpp */; };
		EFFB15E41C0D0747006428DB /* quitmenu_state.cpp in Sources */ = {isa = PBXBuildFile; fileRef = EFFB15E21C0D0747006428DB /* quitmenu_state.cpp */; };
		EFFB15E71C0D0779006428DB /* quitseq_state.cpp in Sources */ = {isa = PBXBuildFile; fileRef = EFFB15E51C0D0779006428DB /* quitseq_state.cpp */; };
		FC0CAD691C0F8F1F0082A147 /* level_messages.cpp in Sources */ = {isa = PBXBuildFile; fileRef = FC0CAD671C0F8F1F0082A147 /* level_messages.cpp */; };
		FC1B50F41C12313F00CD8588 /* level4_state.cpp in Sources */ = {isa = PBXBuildFile; fileRef = FC1B50F21C12313E00CD8588 /* level4_state.cpp */; };
		FC2C37AB1C1223660040EC98 /* menu_buttons.cpp in Sources */ = {isa = PBXBuildFile; fileRef = FC2C37AA1C1223660040EC98 /* menu_buttons.cpp */; };
		FC2C37AD1C1223F10040EC98 /* level3_state.cpp in Sources */ = {isa = PBXBuildFile; fileRef = FC2C37AC1C1223F10040EC98 /* level3_state.cpp */; };
		FC2F5D901C11628C00CCBC3E /* level01_state.cpp in Sources */ = {isa = PBXBuildFile; fileRef = FC2F5D8E1C11628C00CCBC3E /* level01_state.cpp */; };
<<<<<<< HEAD
<<<<<<< HEAD
>>>>>>> 250bb44... cross layer, bug fixes, levels 1 and 2,
=======
		FC4AE4461C11F3ED00B67E46 /* levelselectmenu_state.cpp in Sources */ = {isa = PBXBuildFile; fileRef = FC4AE4441C11F3ED00B67E46 /* levelselectmenu_state.cpp */; };
		FC4AE4471C11F3ED00B67E46 /* newgamemenu_state.cpp in Sources */ = {isa = PBXBuildFile; fileRef = FC4AE4451C11F3ED00B67E46 /* newgamemenu_state.cpp */; };
=======
>>>>>>> 74e2e9b... levels 1 and 2 now complete!!1
		FC4AE44C1C11F42000B67E46 /* intro_state.cpp in Sources */ = {isa = PBXBuildFile; fileRef = FC4AE44B1C11F42000B67E46 /* intro_state.cpp */; };
>>>>>>> b773edd... for the pull
		FC8A5A3D1C098AC00023A58B /* button.cpp in Sources */ = {isa = PBXBuildFile; fileRef = FC8A5A3B1C098AC00023A58B /* button.cpp */; };
		FC8D8AE71C081B9700A1C6F7 /* level2_state.cpp in Sources */ = {isa = PBXBuildFile; fileRef = FC8D8AE61C081B9700A1C6F7 /* level2_state.cpp */; };
		FC8D8AEC1C0825B900A1C6F7 /* level_end.cpp in Sources */ = {isa = PBXBuildFile; fileRef = FC8D8AEA1C0825B900A1C6F7 /* level_end.cpp */; };
<<<<<<< HEAD
<<<<<<< HEAD
=======
>>>>>>> 2e8ee63... Implemented movable crates!!!
=======
=======
		FC9732601C137DA200BB70B4 /* save in CopyFiles */ = {isa = PBXBuildFile; fileRef = FC97325E1C137DA200BB70B4 /* save */; };
		FC9732611C137DA200BB70B4 /* sound in CopyFiles */ = {isa = PBXBuildFile; fileRef = FC97325F1C137DA200BB70B4 /* sound */; };
>>>>>>> 6c6f603... level 7 corners fix, used buttons fix, level 4 camera fix
		FCB126F61C0CCB8B001D7EC8 /* springboard.cpp in Sources */ = {isa = PBXBuildFile; fileRef = FCB126F41C0CCB8B001D7EC8 /* springboard.cpp */; };
<<<<<<< HEAD
<<<<<<< HEAD
<<<<<<< HEAD
<<<<<<< HEAD
>>>>>>> c8cecea... springs!
=======
		FCB126F81C0CE2FE001D7EC8 /* SDL2_ttf.framework in Frameworks */ = {isa = PBXBuildFile; fileRef = FCB126F71C0CE2FD001D7EC8 /* SDL2_ttf.framework */; };
>>>>>>> ffa65bf... add springs and abstract level loading, put in some SDL_ttf headers
=======
>>>>>>> 1aed882... a
=======
		FCD87E8C1C114F1800C1BFF2 /* level3_state.cpp in Sources */ = {isa = PBXBuildFile; fileRef = FCD87E8A1C114F1800C1BFF2 /* level3_state.cpp */; };
>>>>>>> 250bb44... cross layer, bug fixes, levels 1 and 2,
=======
		FCD4DFB31C126476008546AB /* level5_state.cpp in Sources */ = {isa = PBXBuildFile; fileRef = FCD4DFB11C126476008546AB /* level5_state.cpp */; };
		FCD4DFB61C126A3A008546AB /* level6_state.cpp in Sources */ = {isa = PBXBuildFile; fileRef = FCD4DFB41C126A3A008546AB /* level6_state.cpp */; };
<<<<<<< HEAD
<<<<<<< HEAD
>>>>>>> c1192ed... levels 5 and 6!
=======
=======
		FCE892ED1C14197B001C4CB2 /* level8_state.cpp in Sources */ = {isa = PBXBuildFile; fileRef = FCE892EB1C14197B001C4CB2 /* level8_state.cpp */; };
		FCE892F01C141985001C4CB2 /* level9_state.cpp in Sources */ = {isa = PBXBuildFile; fileRef = FCE892EE1C141985001C4CB2 /* level9_state.cpp */; };
>>>>>>> a7c3624... level states 8 and 9
		FCF21E0D1C12742D008BEE77 /* level7_state.cpp in Sources */ = {isa = PBXBuildFile; fileRef = FCF21E0B1C12742D008BEE77 /* level7_state.cpp */; };
>>>>>>> a55d4b9... a buggy level 7 with white crate issues
/* End PBXBuildFile section */

/* Begin PBXCopyFilesBuildPhase section */
		EF82528F1BF121320003EF9E /* CopyFiles */ = {
			isa = PBXCopyFilesBuildPhase;
			buildActionMask = 2147483647;
			dstPath = "";
			dstSubfolderSpec = 16;
			files = (
				FC9732601C137DA200BB70B4 /* save in CopyFiles */,
				FC9732611C137DA200BB70B4 /* sound in CopyFiles */,
				EF8252911BF1214D0003EF9E /* textures in CopyFiles */,
				EF8252901BF121490003EF9E /* levels in CopyFiles */,
			);
			runOnlyForDeploymentPostprocessing = 0;
		};
/* End PBXCopyFilesBuildPhase section */

/* Begin PBXFileReference section */
		EF0808611BF0504300338AB0 /* levels */ = {isa = PBXFileReference; lastKnownFileType = folder; path = levels; sourceTree = "<group>"; };
		EF0CE3B21BEFD8C50080692E /* textures.cpp */ = {isa = PBXFileReference; fileEncoding = 4; lastKnownFileType = sourcecode.cpp.cpp; path = textures.cpp; sourceTree = "<group>"; };
		EF0CE3B31BEFD8C50080692E /* textures.hpp */ = {isa = PBXFileReference; fileEncoding = 4; lastKnownFileType = sourcecode.cpp.h; path = textures.hpp; sourceTree = "<group>"; };
		EF27A69C1C04F48F00459C32 /* engine.cpp */ = {isa = PBXFileReference; fileEncoding = 4; lastKnownFileType = sourcecode.cpp.cpp; path = engine.cpp; sourceTree = "<group>"; };
		EF27A69D1C04F48F00459C32 /* engine.hpp */ = {isa = PBXFileReference; fileEncoding = 4; lastKnownFileType = sourcecode.cpp.h; path = engine.hpp; sourceTree = "<group>"; };
		EF27A69F1C0506E800459C32 /* level1_state.cpp */ = {isa = PBXFileReference; fileEncoding = 4; lastKnownFileType = sourcecode.cpp.cpp; path = level1_state.cpp; sourceTree = "<group>"; };
		EF27A6A01C0506E800459C32 /* level1_state.hpp */ = {isa = PBXFileReference; fileEncoding = 4; lastKnownFileType = sourcecode.cpp.h; path = level1_state.hpp; sourceTree = "<group>"; };
		EF27A6AB1C052EC200459C32 /* levelstate.hpp */ = {isa = PBXFileReference; fileEncoding = 4; lastKnownFileType = sourcecode.cpp.h; path = levelstate.hpp; sourceTree = "<group>"; };
		EF52494A1C117BD500C6F2A6 /* levelselectmenu_state.cpp */ = {isa = PBXFileReference; fileEncoding = 4; lastKnownFileType = sourcecode.cpp.cpp; path = levelselectmenu_state.cpp; sourceTree = "<group>"; };
		EF52494B1C117BD500C6F2A6 /* levelselectmenu_state.hpp */ = {isa = PBXFileReference; fileEncoding = 4; lastKnownFileType = sourcecode.cpp.h; path = levelselectmenu_state.hpp; sourceTree = "<group>"; };
		EF52494D1C117BE200C6F2A6 /* newgamemenu_state.cpp */ = {isa = PBXFileReference; fileEncoding = 4; lastKnownFileType = sourcecode.cpp.cpp; path = newgamemenu_state.cpp; sourceTree = "<group>"; };
		EF52494E1C117BE200C6F2A6 /* newgamemenu_state.hpp */ = {isa = PBXFileReference; fileEncoding = 4; lastKnownFileType = sourcecode.cpp.h; path = newgamemenu_state.hpp; sourceTree = "<group>"; };
		EF5249521C11F0E800C6F2A6 /* level3_state.hpp */ = {isa = PBXFileReference; lastKnownFileType = sourcecode.cpp.h; path = level3_state.hpp; sourceTree = "<group>"; };
		EF5249551C11F0FC00C6F2A6 /* intro_state.hpp */ = {isa = PBXFileReference; lastKnownFileType = sourcecode.cpp.h; path = intro_state.hpp; sourceTree = "<group>"; };
<<<<<<< HEAD
		EF5249561C12365600C6F2A6 /* save */ = {isa = PBXFileReference; lastKnownFileType = folder; path = save; sourceTree = "<group>"; };
		EF5295A71C0BE7CB00178AC7 /* SDL2_ttf.framework */ = {isa = PBXFileReference; lastKnownFileType = wrapper.framework; name = SDL2_ttf.framework; path = ../../../../../../Library/Frameworks/SDL2_ttf.framework; sourceTree = "<group>"; };
=======
		EF5295A71C0BE7CB00178AC7 /* SDL2_ttf.framework */ = {isa = PBXFileReference; lastKnownFileType = wrapper.framework; name = SDL2_ttf.framework; path = ../../../../../Library/Frameworks/SDL2_ttf.framework; sourceTree = "<group>"; };
>>>>>>> 4d6accd... Some bug fixes and work on design, documentation
		EF5295A91C0BE8C000178AC7 /* SDL2_mixer.framework */ = {isa = PBXFileReference; lastKnownFileType = wrapper.framework; name = SDL2_mixer.framework; path = ../../../../../../Library/Frameworks/SDL2_mixer.framework; sourceTree = "<group>"; };
		EF5295AB1C0BEBEB00178AC7 /* sound.cpp */ = {isa = PBXFileReference; fileEncoding = 4; lastKnownFileType = sourcecode.cpp.cpp; path = sound.cpp; sourceTree = "<group>"; };
		EF5295AC1C0BEBEB00178AC7 /* sound.hpp */ = {isa = PBXFileReference; fileEncoding = 4; lastKnownFileType = sourcecode.cpp.h; path = sound.hpp; sourceTree = "<group>"; };
		EF5295AE1C0BF65F00178AC7 /* gamepad.cpp */ = {isa = PBXFileReference; fileEncoding = 4; lastKnownFileType = sourcecode.cpp.cpp; path = gamepad.cpp; sourceTree = "<group>"; };
		EF5295AF1C0BF65F00178AC7 /* gamepad.hpp */ = {isa = PBXFileReference; fileEncoding = 4; lastKnownFileType = sourcecode.cpp.h; path = gamepad.hpp; sourceTree = "<group>"; };
		EF5295B11C0C107000178AC7 /* menu.cpp */ = {isa = PBXFileReference; fileEncoding = 4; lastKnownFileType = sourcecode.cpp.cpp; path = menu.cpp; sourceTree = "<group>"; };
		EF5295B21C0C107000178AC7 /* menu.hpp */ = {isa = PBXFileReference; fileEncoding = 4; lastKnownFileType = sourcecode.cpp.h; path = menu.hpp; sourceTree = "<group>"; };
		EF68FE801C04003200E2030D /* gamestate.hpp */ = {isa = PBXFileReference; fileEncoding = 4; lastKnownFileType = sourcecode.cpp.h; path = gamestate.hpp; sourceTree = "<group>"; };
		EF69B9121BFA83D400F5DAC2 /* TODO */ = {isa = PBXFileReference; fileEncoding = 4; lastKnownFileType = text; path = TODO; sourceTree = "<group>"; };
		EF8252821BF1098A0003EF9E /* SDL2.framework */ = {isa = PBXFileReference; lastKnownFileType = wrapper.framework; name = SDL2.framework; path = ../../../../../../Library/Frameworks/SDL2.framework; sourceTree = "<group>"; };
		EF8252841BF109940003EF9E /* SDL2_image.framework */ = {isa = PBXFileReference; lastKnownFileType = wrapper.framework; name = SDL2_image.framework; path = ../../../../../../Library/Frameworks/SDL2_image.framework; sourceTree = "<group>"; };
		EF8252921BF3201C0003EF9E /* camera.cpp */ = {isa = PBXFileReference; fileEncoding = 4; lastKnownFileType = sourcecode.cpp.cpp; path = camera.cpp; sourceTree = "<group>"; };
		EF8252931BF3201C0003EF9E /* camera.hpp */ = {isa = PBXFileReference; fileEncoding = 4; lastKnownFileType = sourcecode.cpp.h; path = camera.hpp; sourceTree = "<group>"; };
		EFA85F2D1C0675BA001113CA /* mainmenu_state.cpp */ = {isa = PBXFileReference; fileEncoding = 4; lastKnownFileType = sourcecode.cpp.cpp; path = mainmenu_state.cpp; sourceTree = "<group>"; };
		EFA85F2E1C0675BA001113CA /* mainmenu_state.hpp */ = {isa = PBXFileReference; fileEncoding = 4; lastKnownFileType = sourcecode.cpp.h; path = mainmenu_state.hpp; sourceTree = "<group>"; };
		EFA85F321C078C6F001113CA /* crate.cpp */ = {isa = PBXFileReference; fileEncoding = 4; lastKnownFileType = sourcecode.cpp.cpp; path = crate.cpp; sourceTree = "<group>"; };
		EFA85F331C078C6F001113CA /* crate.hpp */ = {isa = PBXFileReference; fileEncoding = 4; lastKnownFileType = sourcecode.cpp.h; path = crate.hpp; sourceTree = "<group>"; };
		EFBCA0BA1BED17FB005D56CA /* together */ = {isa = PBXFileReference; explicitFileType = "compiled.mach-o.executable"; includeInIndex = 0; path = together; sourceTree = BUILT_PRODUCTS_DIR; };
		EFBCA0BD1BED17FB005D56CA /* main.cpp */ = {isa = PBXFileReference; lastKnownFileType = sourcecode.cpp.cpp; path = main.cpp; sourceTree = "<group>"; };
		EFBCA0CC1BED21BF005D56CA /* textures */ = {isa = PBXFileReference; lastKnownFileType = folder; path = textures; sourceTree = "<group>"; };
		EFBCA0D01BED5031005D56CA /* level_draw.cpp */ = {isa = PBXFileReference; fileEncoding = 4; lastKnownFileType = sourcecode.cpp.cpp; path = level_draw.cpp; sourceTree = "<group>"; };
		EFBCA0D11BED5031005D56CA /* level_draw.hpp */ = {isa = PBXFileReference; fileEncoding = 4; lastKnownFileType = sourcecode.cpp.h; path = level_draw.hpp; sourceTree = "<group>"; };
		EFBCA0D91BED5DE8005D56CA /* collisions.cpp */ = {isa = PBXFileReference; fileEncoding = 4; lastKnownFileType = sourcecode.cpp.cpp; path = collisions.cpp; sourceTree = "<group>"; };
		EFBCA0DA1BED5DE8005D56CA /* collisions.hpp */ = {isa = PBXFileReference; fileEncoding = 4; lastKnownFileType = sourcecode.cpp.h; path = collisions.hpp; sourceTree = "<group>"; };
		EFBCA0F51BEE8C89005D56CA /* tiles.cpp */ = {isa = PBXFileReference; fileEncoding = 4; lastKnownFileType = sourcecode.cpp.cpp; path = tiles.cpp; sourceTree = "<group>"; };
		EFBCA0F61BEE8C89005D56CA /* tiles.hpp */ = {isa = PBXFileReference; fileEncoding = 4; lastKnownFileType = sourcecode.cpp.h; path = tiles.hpp; sourceTree = "<group>"; };
		EFBCA0F81BEE8CD2005D56CA /* characters.cpp */ = {isa = PBXFileReference; fileEncoding = 4; lastKnownFileType = sourcecode.cpp.cpp; path = characters.cpp; sourceTree = "<group>"; };
		EFBCA0F91BEE8CD2005D56CA /* characters.hpp */ = {isa = PBXFileReference; fileEncoding = 4; lastKnownFileType = sourcecode.cpp.h; path = characters.hpp; sourceTree = "<group>"; };
		EFBCA0FC1BEE8EF1005D56CA /* initialization.hpp */ = {isa = PBXFileReference; fileEncoding = 4; lastKnownFileType = sourcecode.cpp.h; path = initialization.hpp; sourceTree = "<group>"; };
<<<<<<< HEAD
=======
		EFE8086F1C0D6A2D00E6933A /* pausemenu_state.cpp */ = {isa = PBXFileReference; fileEncoding = 4; lastKnownFileType = sourcecode.cpp.cpp; path = pausemenu_state.cpp; sourceTree = "<group>"; };
		EFE808701C0D6A2D00E6933A /* pausemenu_state.hpp */ = {isa = PBXFileReference; fileEncoding = 4; lastKnownFileType = sourcecode.cpp.h; path = pausemenu_state.hpp; sourceTree = "<group>"; };
		EFE808721C0E147600E6933A /* optionsmenu_state.cpp */ = {isa = PBXFileReference; fileEncoding = 4; lastKnownFileType = sourcecode.cpp.cpp; path = optionsmenu_state.cpp; sourceTree = "<group>"; };
		EFE808731C0E147600E6933A /* optionsmenu_state.hpp */ = {isa = PBXFileReference; fileEncoding = 4; lastKnownFileType = sourcecode.cpp.h; path = optionsmenu_state.hpp; sourceTree = "<group>"; };
		EFFB15E21C0D0747006428DB /* quitmenu_state.cpp */ = {isa = PBXFileReference; fileEncoding = 4; lastKnownFileType = sourcecode.cpp.cpp; path = quitmenu_state.cpp; sourceTree = "<group>"; };
		EFFB15E31C0D0747006428DB /* quitmenu_state.hpp */ = {isa = PBXFileReference; fileEncoding = 4; lastKnownFileType = sourcecode.cpp.h; path = quitmenu_state.hpp; sourceTree = "<group>"; };
		EFFB15E51C0D0779006428DB /* quitseq_state.cpp */ = {isa = PBXFileReference; fileEncoding = 4; lastKnownFileType = sourcecode.cpp.cpp; path = quitseq_state.cpp; sourceTree = "<group>"; };
		EFFB15E61C0D0779006428DB /* quitseq_state.hpp */ = {isa = PBXFileReference; fileEncoding = 4; lastKnownFileType = sourcecode.cpp.h; path = quitseq_state.hpp; sourceTree = "<group>"; };
		EFFE7EF11C0D5ADE00478C10 /* menu_buttons.hpp */ = {isa = PBXFileReference; fileEncoding = 4; lastKnownFileType = sourcecode.cpp.h; path = menu_buttons.hpp; sourceTree = "<group>"; };
<<<<<<< HEAD
>>>>>>> a671362... Implemented main menu, pause menu, and options menu!
=======
		FC0CAD671C0F8F1F0082A147 /* level_messages.cpp */ = {isa = PBXFileReference; fileEncoding = 4; lastKnownFileType = sourcecode.cpp.cpp; path = level_messages.cpp; sourceTree = "<group>"; };
		FC0CAD681C0F8F1F0082A147 /* level_messages.hpp */ = {isa = PBXFileReference; fileEncoding = 4; lastKnownFileType = sourcecode.cpp.h; path = level_messages.hpp; sourceTree = "<group>"; };
		FC1B50F21C12313E00CD8588 /* level4_state.cpp */ = {isa = PBXFileReference; fileEncoding = 4; lastKnownFileType = sourcecode.cpp.cpp; path = level4_state.cpp; sourceTree = "<group>"; };
		FC1B50F31C12313F00CD8588 /* level4_state.hpp */ = {isa = PBXFileReference; fileEncoding = 4; lastKnownFileType = sourcecode.cpp.h; path = level4_state.hpp; sourceTree = "<group>"; };
		FC2C37AA1C1223660040EC98 /* menu_buttons.cpp */ = {isa = PBXFileReference; lastKnownFileType = sourcecode.cpp.cpp; path = menu_buttons.cpp; sourceTree = "<group>"; };
		FC2C37AC1C1223F10040EC98 /* level3_state.cpp */ = {isa = PBXFileReference; lastKnownFileType = sourcecode.cpp.cpp; path = level3_state.cpp; sourceTree = "<group>"; };
		FC2F5D8E1C11628C00CCBC3E /* level01_state.cpp */ = {isa = PBXFileReference; fileEncoding = 4; lastKnownFileType = sourcecode.cpp.cpp; path = level01_state.cpp; sourceTree = "<group>"; };
		FC2F5D8F1C11628C00CCBC3E /* level01_state.hpp */ = {isa = PBXFileReference; fileEncoding = 4; lastKnownFileType = sourcecode.cpp.h; path = level01_state.hpp; sourceTree = "<group>"; };
<<<<<<< HEAD
<<<<<<< HEAD
>>>>>>> 250bb44... cross layer, bug fixes, levels 1 and 2,
=======
		FC4AE4441C11F3ED00B67E46 /* levelselectmenu_state.cpp */ = {isa = PBXFileReference; fileEncoding = 4; lastKnownFileType = sourcecode.cpp.cpp; path = levelselectmenu_state.cpp; sourceTree = "<group>"; };
		FC4AE4451C11F3ED00B67E46 /* newgamemenu_state.cpp */ = {isa = PBXFileReference; fileEncoding = 4; lastKnownFileType = sourcecode.cpp.cpp; path = newgamemenu_state.cpp; sourceTree = "<group>"; };
=======
>>>>>>> 74e2e9b... levels 1 and 2 now complete!!1
		FC4AE4481C11F3FC00B67E46 /* levelselectmenu_state.hpp */ = {isa = PBXFileReference; lastKnownFileType = sourcecode.cpp.h; path = levelselectmenu_state.hpp; sourceTree = "<group>"; };
		FC4AE4491C11F3FC00B67E46 /* newgamemenu_state.hpp */ = {isa = PBXFileReference; lastKnownFileType = sourcecode.cpp.h; path = newgamemenu_state.hpp; sourceTree = "<group>"; };
		FC4AE44A1C11F41B00B67E46 /* intro_state.hpp */ = {isa = PBXFileReference; lastKnownFileType = sourcecode.cpp.h; path = intro_state.hpp; sourceTree = "<group>"; };
		FC4AE44B1C11F42000B67E46 /* intro_state.cpp */ = {isa = PBXFileReference; fileEncoding = 4; lastKnownFileType = sourcecode.cpp.cpp; path = intro_state.cpp; sourceTree = "<group>"; };
<<<<<<< HEAD
>>>>>>> b773edd... for the pull
=======
		FC4AE44D1C121D8D00B67E46 /* levelselectmenu_state.cpp */ = {isa = PBXFileReference; fileEncoding = 4; lastKnownFileType = sourcecode.cpp.cpp; path = levelselectmenu_state.cpp; sourceTree = "<group>"; };
		FC4AE44E1C121D8E00B67E46 /* levelselectmenu_state.hpp */ = {isa = PBXFileReference; fileEncoding = 4; lastKnownFileType = sourcecode.cpp.h; path = levelselectmenu_state.hpp; sourceTree = "<group>"; };
>>>>>>> 74e2e9b... levels 1 and 2 now complete!!1
		FC8A5A3B1C098AC00023A58B /* button.cpp */ = {isa = PBXFileReference; fileEncoding = 4; lastKnownFileType = sourcecode.cpp.cpp; path = button.cpp; sourceTree = "<group>"; };
		FC8A5A3C1C098AC00023A58B /* button.hpp */ = {isa = PBXFileReference; fileEncoding = 4; lastKnownFileType = sourcecode.cpp.h; path = button.hpp; sourceTree = "<group>"; };
		FC8D8AE61C081B9700A1C6F7 /* level2_state.cpp */ = {isa = PBXFileReference; fileEncoding = 4; lastKnownFileType = sourcecode.cpp.cpp; path = level2_state.cpp; sourceTree = "<group>"; };
		FC8D8AE91C081C6200A1C6F7 /* level2_state.hpp */ = {isa = PBXFileReference; lastKnownFileType = sourcecode.cpp.h; path = level2_state.hpp; sourceTree = "<group>"; };
		FC8D8AEA1C0825B900A1C6F7 /* level_end.cpp */ = {isa = PBXFileReference; fileEncoding = 4; lastKnownFileType = sourcecode.cpp.cpp; path = level_end.cpp; sourceTree = "<group>"; };
		FC8D8AEB1C0825B900A1C6F7 /* level_end.hpp */ = {isa = PBXFileReference; fileEncoding = 4; lastKnownFileType = sourcecode.cpp.h; path = level_end.hpp; sourceTree = "<group>"; };
		FC97325E1C137DA200BB70B4 /* save */ = {isa = PBXFileReference; lastKnownFileType = folder; path = save; sourceTree = "<group>"; };
		FC97325F1C137DA200BB70B4 /* sound */ = {isa = PBXFileReference; lastKnownFileType = folder; path = sound; sourceTree = "<group>"; };
		FCB126F41C0CCB8B001D7EC8 /* springboard.cpp */ = {isa = PBXFileReference; fileEncoding = 4; lastKnownFileType = sourcecode.cpp.cpp; path = springboard.cpp; sourceTree = "<group>"; };
		FCB126F51C0CCB8B001D7EC8 /* springboard.hpp */ = {isa = PBXFileReference; fileEncoding = 4; lastKnownFileType = sourcecode.cpp.h; path = springboard.hpp; sourceTree = "<group>"; };
<<<<<<< HEAD
<<<<<<< HEAD
=======
		FCD87E8A1C114F1800C1BFF2 /* level3_state.cpp */ = {isa = PBXFileReference; fileEncoding = 4; lastKnownFileType = sourcecode.cpp.cpp; path = level3_state.cpp; sourceTree = "<group>"; };
		FCD87E8B1C114F1800C1BFF2 /* level3_state.hpp */ = {isa = PBXFileReference; fileEncoding = 4; lastKnownFileType = sourcecode.cpp.h; path = level3_state.hpp; sourceTree = "<group>"; };
>>>>>>> 250bb44... cross layer, bug fixes, levels 1 and 2,
=======
		FCD4DFB11C126476008546AB /* level5_state.cpp */ = {isa = PBXFileReference; fileEncoding = 4; lastKnownFileType = sourcecode.cpp.cpp; path = level5_state.cpp; sourceTree = "<group>"; };
		FCD4DFB21C126476008546AB /* level5_state.hpp */ = {isa = PBXFileReference; fileEncoding = 4; lastKnownFileType = sourcecode.cpp.h; path = level5_state.hpp; sourceTree = "<group>"; };
		FCD4DFB41C126A3A008546AB /* level6_state.cpp */ = {isa = PBXFileReference; fileEncoding = 4; lastKnownFileType = sourcecode.cpp.cpp; path = level6_state.cpp; sourceTree = "<group>"; };
		FCD4DFB51C126A3A008546AB /* level6_state.hpp */ = {isa = PBXFileReference; fileEncoding = 4; lastKnownFileType = sourcecode.cpp.h; path = level6_state.hpp; sourceTree = "<group>"; };
<<<<<<< HEAD
<<<<<<< HEAD
<<<<<<< HEAD
>>>>>>> c1192ed... levels 5 and 6!
=======
=======
		FCE892DA1C13979E001C4CB2 /* design */ = {isa = PBXFileReference; lastKnownFileType = text; path = design; sourceTree = "<group>"; };
		FCE892DB1C13979E001C4CB2 /* documentation */ = {isa = PBXFileReference; lastKnownFileType = text; path = documentation; sourceTree = "<group>"; };
<<<<<<< HEAD
>>>>>>> 6cff3cb... level 5 tile change, design and documentation files
=======
=======
>>>>>>> a8b6112... got rid of design and documentation docs because they were just for our cs50 submission
		FCE892EB1C14197B001C4CB2 /* level8_state.cpp */ = {isa = PBXFileReference; fileEncoding = 4; lastKnownFileType = sourcecode.cpp.cpp; path = level8_state.cpp; sourceTree = "<group>"; };
		FCE892EC1C14197B001C4CB2 /* level8_state.hpp */ = {isa = PBXFileReference; fileEncoding = 4; lastKnownFileType = sourcecode.cpp.h; path = level8_state.hpp; sourceTree = "<group>"; };
		FCE892EE1C141985001C4CB2 /* level9_state.cpp */ = {isa = PBXFileReference; fileEncoding = 4; lastKnownFileType = sourcecode.cpp.cpp; path = level9_state.cpp; sourceTree = "<group>"; };
		FCE892EF1C141985001C4CB2 /* level9_state.hpp */ = {isa = PBXFileReference; fileEncoding = 4; lastKnownFileType = sourcecode.cpp.h; path = level9_state.hpp; sourceTree = "<group>"; };
>>>>>>> a7c3624... level states 8 and 9
		FCF21E0B1C12742D008BEE77 /* level7_state.cpp */ = {isa = PBXFileReference; fileEncoding = 4; lastKnownFileType = sourcecode.cpp.cpp; path = level7_state.cpp; sourceTree = "<group>"; };
		FCF21E0C1C12742D008BEE77 /* level7_state.hpp */ = {isa = PBXFileReference; fileEncoding = 4; lastKnownFileType = sourcecode.cpp.h; path = level7_state.hpp; sourceTree = "<group>"; };
>>>>>>> a55d4b9... a buggy level 7 with white crate issues
/* End PBXFileReference section */

/* Begin PBXFrameworksBuildPhase section */
		EFBCA0B71BED17FB005D56CA /* Frameworks */ = {
			isa = PBXFrameworksBuildPhase;
			buildActionMask = 2147483647;
			files = (
<<<<<<< HEAD
				FCB126F81C0CE2FE001D7EC8 /* SDL2_ttf.framework in Frameworks */,
=======
				EF5295AA1C0BE8C000178AC7 /* SDL2_mixer.framework in Frameworks */,
				EF5295A81C0BE7CB00178AC7 /* SDL2_ttf.framework in Frameworks */,
>>>>>>> a671362... Implemented main menu, pause menu, and options menu!
				EF8252851BF109940003EF9E /* SDL2_image.framework in Frameworks */,
				EF8252831BF1098A0003EF9E /* SDL2.framework in Frameworks */,
			);
			runOnlyForDeploymentPostprocessing = 0;
		};
/* End PBXFrameworksBuildPhase section */

/* Begin PBXGroup section */
		EF27A6A21C0506F400459C32 /* states */ = {
			isa = PBXGroup;
			children = (
				EF68FE801C04003200E2030D /* gamestate.hpp */,
				EF27A6A31C05072900459C32 /* menus */,
				EF27A6A41C05072D00459C32 /* levels */,
				EF27A6A51C05073200459C32 /* cutscenes */,
			);
			name = states;
			sourceTree = "<group>";
		};
		EF27A6A31C05072900459C32 /* menus */ = {
			isa = PBXGroup;
			children = (
				EFA85F301C0675C0001113CA /* src */,
				EFA85F311C0675C5001113CA /* head */,
			);
			name = menus;
			sourceTree = "<group>";
		};
		EF27A6A41C05072D00459C32 /* levels */ = {
			isa = PBXGroup;
			children = (
				EF27A6AB1C052EC200459C32 /* levelstate.hpp */,
				EF27A6A71C05077200459C32 /* src */,
				EF27A6A61C05076500459C32 /* head */,
			);
			name = levels;
			sourceTree = "<group>";
		};
		EF27A6A51C05073200459C32 /* cutscenes */ = {
			isa = PBXGroup;
			children = (
			);
			name = cutscenes;
			sourceTree = "<group>";
		};
		EF27A6A61C05076500459C32 /* head */ = {
			isa = PBXGroup;
			children = (
				EF27A6A01C0506E800459C32 /* level1_state.hpp */,
				FCD4DFB51C126A3A008546AB /* level6_state.hpp */,
				FCF21E0C1C12742D008BEE77 /* level7_state.hpp */,
				FCD4DFB21C126476008546AB /* level5_state.hpp */,
				FCE892EF1C141985001C4CB2 /* level9_state.hpp */,
				FCE892EC1C14197B001C4CB2 /* level8_state.hpp */,
				EF5249521C11F0E800C6F2A6 /* level3_state.hpp */,
				FC1B50F31C12313F00CD8588 /* level4_state.hpp */,
				FC2F5D8F1C11628C00CCBC3E /* level01_state.hpp */,
				FC8D8AE91C081C6200A1C6F7 /* level2_state.hpp */,
			);
			name = head;
			sourceTree = "<group>";
		};
		EF27A6A71C05077200459C32 /* src */ = {
			isa = PBXGroup;
			children = (
				EF27A69F1C0506E800459C32 /* level1_state.cpp */,
				FC8D8AE61C081B9700A1C6F7 /* level2_state.cpp */,
				FC2C37AC1C1223F10040EC98 /* level3_state.cpp */,
				FCD4DFB11C126476008546AB /* level5_state.cpp */,
				FC2F5D8E1C11628C00CCBC3E /* level01_state.cpp */,
				FC1B50F21C12313E00CD8588 /* level4_state.cpp */,
				FCF21E0B1C12742D008BEE77 /* level7_state.cpp */,
				FCD4DFB41C126A3A008546AB /* level6_state.cpp */,
				FCE892EE1C141985001C4CB2 /* level9_state.cpp */,
				FCE892EB1C14197B001C4CB2 /* level8_state.cpp */,
			);
			name = src;
			sourceTree = "<group>";
		};
		EF27A6A81C05078500459C32 /* src */ = {
			isa = PBXGroup;
			children = (
				EF27A69C1C04F48F00459C32 /* engine.cpp */,
				EF8252921BF3201C0003EF9E /* camera.cpp */,
				EFBCA0F51BEE8C89005D56CA /* tiles.cpp */,
				FC2C37AA1C1223660040EC98 /* menu_buttons.cpp */,
				EF5295B11C0C107000178AC7 /* menu.cpp */,
				EF5295AB1C0BEBEB00178AC7 /* sound.cpp */,
				EF5295AE1C0BF65F00178AC7 /* gamepad.cpp */,
				EFBCA0F81BEE8CD2005D56CA /* characters.cpp */,
<<<<<<< HEAD
				EF0CE3B21BEFD8C50080692E /* textures.cpp */,
<<<<<<< HEAD
<<<<<<< HEAD
				EFBCA0FB1BEE8EF1005D56CA /* initialization.cpp */,
=======
				EFA85F321C078C6F001113CA /* crate.cpp */,
				EF0CE3B21BEFD8C50080692E /* textures.cpp */,
<<<<<<< HEAD
>>>>>>> 2e8ee63... Implemented movable crates!!!
=======
				FCB126F41C0CCB8B001D7EC8 /* springboard.cpp */,
>>>>>>> c8cecea... springs!
=======
>>>>>>> a671362... Implemented main menu, pause menu, and options menu!
=======
				FCB126F41C0CCB8B001D7EC8 /* springboard.cpp */,
>>>>>>> 71027e4... Volume / sfx slider adjustment.
				EFBCA0D91BED5DE8005D56CA /* collisions.cpp */,
				FC0CAD671C0F8F1F0082A147 /* level_messages.cpp */,
				EFBCA0D01BED5031005D56CA /* level_draw.cpp */,
				FC8A5A3B1C098AC00023A58B /* button.cpp */,
				FC8D8AEA1C0825B900A1C6F7 /* level_end.cpp */,
				FC4AE44D1C121D8D00B67E46 /* levelselectmenu_state.cpp */,
			);
			name = src;
			sourceTree = "<group>";
		};
		EF27A6A91C0507C700459C32 /* main */ = {
			isa = PBXGroup;
			children = (
				EFBCA0BD1BED17FB005D56CA /* main.cpp */,
			);
			name = main;
			sourceTree = "<group>";
		};
		EFA85F301C0675C0001113CA /* src */ = {
			isa = PBXGroup;
			children = (
				EFA85F2D1C0675BA001113CA /* mainmenu_state.cpp */,
				EFFB15E21C0D0747006428DB /* quitmenu_state.cpp */,
<<<<<<< HEAD
<<<<<<< HEAD
				EF52494A1C117BD500C6F2A6 /* levelselectmenu_state.cpp */,
				EF52494D1C117BE200C6F2A6 /* newgamemenu_state.cpp */,
=======
				FC4AE4441C11F3ED00B67E46 /* levelselectmenu_state.cpp */,
				FC4AE4451C11F3ED00B67E46 /* newgamemenu_state.cpp */,
>>>>>>> b773edd... for the pull
=======
				EF52494A1C117BD500C6F2A6 /* levelselectmenu_state.cpp */,
				EF52494D1C117BE200C6F2A6 /* newgamemenu_state.cpp */,
>>>>>>> 74e2e9b... levels 1 and 2 now complete!!1
				EFE808721C0E147600E6933A /* optionsmenu_state.cpp */,
				FC4AE44B1C11F42000B67E46 /* intro_state.cpp */,
				EFE8086F1C0D6A2D00E6933A /* pausemenu_state.cpp */,
				EFFB15E51C0D0779006428DB /* quitseq_state.cpp */,
			);
			name = src;
			sourceTree = "<group>";
		};
		EFA85F311C0675C5001113CA /* head */ = {
			isa = PBXGroup;
			children = (
				EFA85F2E1C0675BA001113CA /* mainmenu_state.hpp */,
				EF52494E1C117BE200C6F2A6 /* newgamemenu_state.hpp */,
				EFFB15E31C0D0747006428DB /* quitmenu_state.hpp */,
				EF52494B1C117BD500C6F2A6 /* levelselectmenu_state.hpp */,
				EFE808731C0E147600E6933A /* optionsmenu_state.hpp */,
				FC4AE44A1C11F41B00B67E46 /* intro_state.hpp */,
				FC4AE4481C11F3FC00B67E46 /* levelselectmenu_state.hpp */,
				FC4AE4491C11F3FC00B67E46 /* newgamemenu_state.hpp */,
				EFE808701C0D6A2D00E6933A /* pausemenu_state.hpp */,
				EFFB15E61C0D0779006428DB /* quitseq_state.hpp */,
				EF5249551C11F0FC00C6F2A6 /* intro_state.hpp */,
			);
			name = head;
			sourceTree = "<group>";
		};
		EFBCA0B11BED17FB005D56CA = {
			isa = PBXGroup;
			children = (
<<<<<<< HEAD
<<<<<<< HEAD
				FCB126F71C0CE2FD001D7EC8 /* SDL2_ttf.framework */,
=======
=======
				FC97325E1C137DA200BB70B4 /* save */,
				FC97325F1C137DA200BB70B4 /* sound */,
>>>>>>> 6c6f603... level 7 corners fix, used buttons fix, level 4 camera fix
				EF5295A91C0BE8C000178AC7 /* SDL2_mixer.framework */,
				EF5295A71C0BE7CB00178AC7 /* SDL2_ttf.framework */,
>>>>>>> a671362... Implemented main menu, pause menu, and options menu!
				EF8252841BF109940003EF9E /* SDL2_image.framework */,
				EF8252821BF1098A0003EF9E /* SDL2.framework */,
				EFBCA0BC1BED17FB005D56CA /* project */,
				EFBCA0BB1BED17FB005D56CA /* products */,
				EF0808611BF0504300338AB0 /* levels */,
				EFBCA0CC1BED21BF005D56CA /* textures */,
				EF5249561C12365600C6F2A6 /* save */,
			);
			sourceTree = "<group>";
		};
		EFBCA0BB1BED17FB005D56CA /* products */ = {
			isa = PBXGroup;
			children = (
				EFBCA0BA1BED17FB005D56CA /* together */,
			);
			name = products;
			sourceTree = "<group>";
		};
		EFBCA0BC1BED17FB005D56CA /* project */ = {
			isa = PBXGroup;
			children = (
				EF69B9121BFA83D400F5DAC2 /* TODO */,
				EF27A6A81C05078500459C32 /* src */,
				EFBCA0CE1BED4F75005D56CA /* head */,
				EF27A6A91C0507C700459C32 /* main */,
				EF27A6A21C0506F400459C32 /* states */,
			);
			name = project;
			path = together;
			sourceTree = "<group>";
		};
		EFBCA0CE1BED4F75005D56CA /* head */ = {
			isa = PBXGroup;
			children = (
				EF27A69D1C04F48F00459C32 /* engine.hpp */,
				FC0CAD681C0F8F1F0082A147 /* level_messages.hpp */,
				EFBCA0F61BEE8C89005D56CA /* tiles.hpp */,
<<<<<<< HEAD
				FC8D8AEB1C0825B900A1C6F7 /* level_end.hpp */,
				EF5295AC1C0BEBEB00178AC7 /* sound.hpp */,
				FC8A5A3C1C098AC00023A58B /* button.hpp */,
<<<<<<< HEAD
=======
>>>>>>> 2e8ee63... Implemented movable crates!!!
=======
				FCB126F51C0CCB8B001D7EC8 /* springboard.hpp */,
>>>>>>> c8cecea... springs!
				EFBCA0FC1BEE8EF1005D56CA /* initialization.hpp */,
				EF0CE3B31BEFD8C50080692E /* textures.hpp */,
				EF5295B21C0C107000178AC7 /* menu.hpp */,
				EFFE7EF11C0D5ADE00478C10 /* menu_buttons.hpp */,
				EFA85F331C078C6F001113CA /* crate.hpp */,
				EF5295AF1C0BF65F00178AC7 /* gamepad.hpp */,
				FC4AE44E1C121D8E00B67E46 /* levelselectmenu_state.hpp */,
				EF8252931BF3201C0003EF9E /* camera.hpp */,
				EFBCA0DA1BED5DE8005D56CA /* collisions.hpp */,
				EFBCA0F91BEE8CD2005D56CA /* characters.hpp */,
				EFBCA0D11BED5031005D56CA /* level_draw.hpp */,
			);
			name = head;
			sourceTree = "<group>";
		};
/* End PBXGroup section */

/* Begin PBXNativeTarget section */
		EFBCA0B91BED17FB005D56CA /* together */ = {
			isa = PBXNativeTarget;
			buildConfigurationList = EFBCA0C11BED17FB005D56CA /* Build configuration list for PBXNativeTarget "together" */;
			buildPhases = (
				EFBCA0B61BED17FB005D56CA /* Sources */,
				EFBCA0B71BED17FB005D56CA /* Frameworks */,
				EF82528F1BF121320003EF9E /* CopyFiles */,
			);
			buildRules = (
			);
			dependencies = (
			);
			name = together;
			productName = together;
			productReference = EFBCA0BA1BED17FB005D56CA /* together */;
			productType = "com.apple.product-type.tool";
		};
/* End PBXNativeTarget section */

/* Begin PBXProject section */
		EFBCA0B21BED17FB005D56CA /* Project object */ = {
			isa = PBXProject;
			attributes = {
				LastUpgradeCheck = 0700;
				ORGANIZATIONNAME = together;
				TargetAttributes = {
					EFBCA0B91BED17FB005D56CA = {
						CreatedOnToolsVersion = 7.0.1;
					};
				};
			};
			buildConfigurationList = EFBCA0B51BED17FB005D56CA /* Build configuration list for PBXProject "together" */;
			compatibilityVersion = "Xcode 3.2";
			developmentRegion = English;
			hasScannedForEncodings = 0;
			knownRegions = (
				en,
			);
			mainGroup = EFBCA0B11BED17FB005D56CA;
			productRefGroup = EFBCA0BB1BED17FB005D56CA /* products */;
			projectDirPath = "";
			projectRoot = "";
			targets = (
				EFBCA0B91BED17FB005D56CA /* together */,
			);
		};
/* End PBXProject section */

/* Begin PBXSourcesBuildPhase section */
		EFBCA0B61BED17FB005D56CA /* Sources */ = {
			isa = PBXSourcesBuildPhase;
			buildActionMask = 2147483647;
			files = (
				FC2C37AD1C1223F10040EC98 /* level3_state.cpp in Sources */,
				FC2C37AB1C1223660040EC98 /* menu_buttons.cpp in Sources */,
				EFBCA0D21BED5031005D56CA /* level_draw.cpp in Sources */,
				FCE892ED1C14197B001C4CB2 /* level8_state.cpp in Sources */,
				EFE808711C0D6A2D00E6933A /* pausemenu_state.cpp in Sources */,
				EFFB15E71C0D0779006428DB /* quitseq_state.cpp in Sources */,
				EF0CE3B41BEFD8C50080692E /* textures.cpp in Sources */,
				EF8252941BF3201C0003EF9E /* camera.cpp in Sources */,
				EFBCA0F71BEE8C89005D56CA /* tiles.cpp in Sources */,
				FC0CAD691C0F8F1F0082A147 /* level_messages.cpp in Sources */,
				EFBCA0DB1BED5DE8005D56CA /* collisions.cpp in Sources */,
<<<<<<< HEAD
<<<<<<< HEAD
<<<<<<< HEAD
<<<<<<< HEAD
				EFBCA0FD1BEE8EF1005D56CA /* initialization.cpp in Sources */,
				EF27A6AC1C052EC200459C32 /* levelstate.cpp in Sources */,
=======
				EFBCA0FD1BEE8EF1005D56CA /* (null) in Sources */,
				EF27A6AC1C052EC200459C32 /* (null) in Sources */,
>>>>>>> c8cecea... springs!
=======
				EFBCA0FD1BEE8EF1005D56CA /* (null) in Sources */,
				EF27A6AC1C052EC200459C32 /* (null) in Sources */,
				EF5249511C11F0E200C6F2A6 /* level3_state.cpp in Sources */,
				EFFE7EF21C0D5ADE00478C10 /* menu_buttons.cpp in Sources */,
=======
>>>>>>> 74e2e9b... levels 1 and 2 now complete!!1
				EFFB15E41C0D0747006428DB /* quitmenu_state.cpp in Sources */,
>>>>>>> a671362... Implemented main menu, pause menu, and options menu!
				FC8D8AEC1C0825B900A1C6F7 /* level_end.cpp in Sources */,
<<<<<<< HEAD
<<<<<<< HEAD
=======
				FCD87E8C1C114F1800C1BFF2 /* level3_state.cpp in Sources */,
=======
>>>>>>> 4ff27ea... Finished dynamic camera! (finally)
				EFA85F341C078C6F001113CA /* crate.cpp in Sources */,
				FC2F5D901C11628C00CCBC3E /* level01_state.cpp in Sources */,
<<<<<<< HEAD
>>>>>>> 250bb44... cross layer, bug fixes, levels 1 and 2,
=======
				FCD4DFB31C126476008546AB /* level5_state.cpp in Sources */,
				FCD4DFB61C126A3A008546AB /* level6_state.cpp in Sources */,
>>>>>>> c1192ed... levels 5 and 6!
				EF27A69E1C04F48F00459C32 /* engine.cpp in Sources */,
				FC8D8AE71C081B9700A1C6F7 /* level2_state.cpp in Sources */,
<<<<<<< HEAD
=======
				EFA85F341C078C6F001113CA /* crate.cpp in Sources */,
				EF27A69E1C04F48F00459C32 /* engine.cpp in Sources */,
>>>>>>> 2e8ee63... Implemented movable crates!!!
=======
				EFE808741C0E147600E6933A /* optionsmenu_state.cpp in Sources */,
<<<<<<< HEAD
>>>>>>> a671362... Implemented main menu, pause menu, and options menu!
=======
				FC1B50F41C12313F00CD8588 /* level4_state.cpp in Sources */,
>>>>>>> d0f13a4... leves 3 and 4!
				EF27A6A11C0506E800459C32 /* level1_state.cpp in Sources */,
				EF5295AD1C0BEBEB00178AC7 /* sound.cpp in Sources */,
				FCF21E0D1C12742D008BEE77 /* level7_state.cpp in Sources */,
				EF5295B31C0C107000178AC7 /* menu.cpp in Sources */,
<<<<<<< HEAD
<<<<<<< HEAD
				EF52494C1C117BD500C6F2A6 /* levelselectmenu_state.cpp in Sources */,
=======
				FC4AE4471C11F3ED00B67E46 /* newgamemenu_state.cpp in Sources */,
>>>>>>> b773edd... for the pull
=======
				EF52494C1C117BD500C6F2A6 /* levelselectmenu_state.cpp in Sources */,
<<<<<<< HEAD
>>>>>>> 74e2e9b... levels 1 and 2 now complete!!1
=======
				FCE892F01C141985001C4CB2 /* level9_state.cpp in Sources */,
>>>>>>> a7c3624... level states 8 and 9
				EFBCA0FA1BEE8CD2005D56CA /* characters.cpp in Sources */,
				EFA85F2F1C0675BA001113CA /* mainmenu_state.cpp in Sources */,
				FC4AE44C1C11F42000B67E46 /* intro_state.cpp in Sources */,
				EF5295B01C0BF65F00178AC7 /* gamepad.cpp in Sources */,
				EFBCA0BE1BED17FB005D56CA /* main.cpp in Sources */,
				FC8A5A3D1C098AC00023A58B /* button.cpp in Sources */,
				FCB126F61C0CCB8B001D7EC8 /* springboard.cpp in Sources */,
				EF52494F1C117BE200C6F2A6 /* newgamemenu_state.cpp in Sources */,
			);
			runOnlyForDeploymentPostprocessing = 0;
		};
/* End PBXSourcesBuildPhase section */

/* Begin XCBuildConfiguration section */
		EFBCA0BF1BED17FB005D56CA /* Debug */ = {
			isa = XCBuildConfiguration;
			buildSettings = {
				ALWAYS_SEARCH_USER_PATHS = NO;
				CLANG_CXX_LANGUAGE_STANDARD = "gnu++0x";
				CLANG_CXX_LIBRARY = "libc++";
				CLANG_ENABLE_MODULES = YES;
				CLANG_ENABLE_OBJC_ARC = YES;
				CLANG_WARN_BOOL_CONVERSION = YES;
				CLANG_WARN_CONSTANT_CONVERSION = YES;
				CLANG_WARN_DIRECT_OBJC_ISA_USAGE = YES_ERROR;
				CLANG_WARN_EMPTY_BODY = YES;
				CLANG_WARN_ENUM_CONVERSION = YES;
				CLANG_WARN_INT_CONVERSION = YES;
				CLANG_WARN_OBJC_ROOT_CLASS = YES_ERROR;
				CLANG_WARN_UNREACHABLE_CODE = YES;
				CLANG_WARN__DUPLICATE_METHOD_MATCH = YES;
				CODE_SIGN_IDENTITY = "";
				COPY_PHASE_STRIP = NO;
				DEBUG_INFORMATION_FORMAT = dwarf;
				ENABLE_STRICT_OBJC_MSGSEND = YES;
				ENABLE_TESTABILITY = YES;
				GCC_C_LANGUAGE_STANDARD = gnu99;
				GCC_DYNAMIC_NO_PIC = NO;
				GCC_NO_COMMON_BLOCKS = YES;
				GCC_OPTIMIZATION_LEVEL = 0;
				GCC_PREPROCESSOR_DEFINITIONS = (
					"DEBUG=1",
					"$(inherited)",
				);
				GCC_WARN_64_TO_32_BIT_CONVERSION = YES;
				GCC_WARN_ABOUT_RETURN_TYPE = YES_ERROR;
				GCC_WARN_UNDECLARED_SELECTOR = YES;
				GCC_WARN_UNINITIALIZED_AUTOS = YES_AGGRESSIVE;
				GCC_WARN_UNUSED_FUNCTION = YES;
				GCC_WARN_UNUSED_VARIABLE = YES;
				INSTALL_PATH = /Applications;
				MACOSX_DEPLOYMENT_TARGET = 10.10;
				MTL_ENABLE_DEBUG_INFO = YES;
				ONLY_ACTIVE_ARCH = YES;
				SDKROOT = macosx;
			};
			name = Debug;
		};
		EFBCA0C01BED17FB005D56CA /* Release */ = {
			isa = XCBuildConfiguration;
			buildSettings = {
				ALWAYS_SEARCH_USER_PATHS = NO;
				CLANG_CXX_LANGUAGE_STANDARD = "gnu++0x";
				CLANG_CXX_LIBRARY = "libc++";
				CLANG_ENABLE_MODULES = YES;
				CLANG_ENABLE_OBJC_ARC = YES;
				CLANG_WARN_BOOL_CONVERSION = YES;
				CLANG_WARN_CONSTANT_CONVERSION = YES;
				CLANG_WARN_DIRECT_OBJC_ISA_USAGE = YES_ERROR;
				CLANG_WARN_EMPTY_BODY = YES;
				CLANG_WARN_ENUM_CONVERSION = YES;
				CLANG_WARN_INT_CONVERSION = YES;
				CLANG_WARN_OBJC_ROOT_CLASS = YES_ERROR;
				CLANG_WARN_UNREACHABLE_CODE = YES;
				CLANG_WARN__DUPLICATE_METHOD_MATCH = YES;
				CODE_SIGN_IDENTITY = "";
				COPY_PHASE_STRIP = NO;
				DEBUG_INFORMATION_FORMAT = "dwarf-with-dsym";
				ENABLE_NS_ASSERTIONS = NO;
				ENABLE_STRICT_OBJC_MSGSEND = YES;
				GCC_C_LANGUAGE_STANDARD = gnu99;
				GCC_NO_COMMON_BLOCKS = YES;
				GCC_WARN_64_TO_32_BIT_CONVERSION = YES;
				GCC_WARN_ABOUT_RETURN_TYPE = YES_ERROR;
				GCC_WARN_UNDECLARED_SELECTOR = YES;
				GCC_WARN_UNINITIALIZED_AUTOS = YES_AGGRESSIVE;
				GCC_WARN_UNUSED_FUNCTION = YES;
				GCC_WARN_UNUSED_VARIABLE = YES;
				INSTALL_PATH = /Applications;
				MACOSX_DEPLOYMENT_TARGET = 10.10;
				MTL_ENABLE_DEBUG_INFO = NO;
				SDKROOT = macosx;
			};
			name = Release;
		};
		EFBCA0C21BED17FB005D56CA /* Debug */ = {
			isa = XCBuildConfiguration;
			buildSettings = {
				FRAMEWORK_SEARCH_PATHS = (
					"$(inherited)",
					"$(LOCAL_LIBRARY_DIR)/Frameworks",
				);
				INSTALL_PATH = "";
				PRODUCT_NAME = "$(TARGET_NAME)";
			};
			name = Debug;
		};
		EFBCA0C31BED17FB005D56CA /* Release */ = {
			isa = XCBuildConfiguration;
			buildSettings = {
				FRAMEWORK_SEARCH_PATHS = (
					"$(inherited)",
					"$(LOCAL_LIBRARY_DIR)/Frameworks",
				);
				INSTALL_PATH = "";
				PRODUCT_NAME = "$(TARGET_NAME)";
			};
			name = Release;
		};
/* End XCBuildConfiguration section */

/* Begin XCConfigurationList section */
		EFBCA0B51BED17FB005D56CA /* Build configuration list for PBXProject "together" */ = {
			isa = XCConfigurationList;
			buildConfigurations = (
				EFBCA0BF1BED17FB005D56CA /* Debug */,
				EFBCA0C01BED17FB005D56CA /* Release */,
			);
			defaultConfigurationIsVisible = 0;
			defaultConfigurationName = Release;
		};
		EFBCA0C11BED17FB005D56CA /* Build configuration list for PBXNativeTarget "together" */ = {
			isa = XCConfigurationList;
			buildConfigurations = (
				EFBCA0C21BED17FB005D56CA /* Debug */,
				EFBCA0C31BED17FB005D56CA /* Release */,
			);
			defaultConfigurationIsVisible = 0;
			defaultConfigurationName = Release;
		};
/* End XCConfigurationList section */
	};
	rootObject = EFBCA0B21BED17FB005D56CA /* Project object */;
}
